
Microsoft Visual Studio Solution File, Format Version 12.00
# Visual Studio Version 17
VisualStudioVersion = 17.0.31903.59
MinimumVisualStudioVersion = 10.0.40219.1
Project("{FAE04EC0-301F-11D3-BF4B-00C04F79EFBC}") = "CicdPractice.Api", "CicdPractice.Api\CicdPractice.Api.csproj", "{656EECC6-38EC-4481-A2E3-C5EE2221FB18}"
EndProject
Project("{FAE04EC0-301F-11D3-BF4B-00C04F79EFBC}") = "CicdPractice.Tests", "CicdPractice.Tests\CicdPractice.Tests.csproj", "{81CE9F11-6A63-41FE-A869-6098F9AF6EE4}"
EndProject
Global
	GlobalSection(SolutionConfigurationPlatforms) = preSolution
		Debug|Any CPU = Debug|Any CPU
		Debug|x64 = Debug|x64
		Debug|x86 = Debug|x86
		Release|Any CPU = Release|Any CPU
		Release|x64 = Release|x64
		Release|x86 = Release|x86
	EndGlobalSection
	GlobalSection(ProjectConfigurationPlatforms) = postSolution
		{656EECC6-38EC-4481-A2E3-C5EE2221FB18}.Debug|Any CPU.ActiveCfg = Debug|Any CPU
		{656EECC6-38EC-4481-A2E3-C5EE2221FB18}.Debug|Any CPU.Build.0 = Debug|Any CPU
		{656EECC6-38EC-4481-A2E3-C5EE2221FB18}.Debug|x64.ActiveCfg = Debug|Any CPU
		{656EECC6-38EC-4481-A2E3-C5EE2221FB18}.Debug|x64.Build.0 = Debug|Any CPU
		{656EECC6-38EC-4481-A2E3-C5EE2221FB18}.Debug|x86.ActiveCfg = Debug|Any CPU
		{656EECC6-38EC-4481-A2E3-C5EE2221FB18}.Debug|x86.Build.0 = Debug|Any CPU
		{656EECC6-38EC-4481-A2E3-C5EE2221FB18}.Release|Any CPU.ActiveCfg = Release|Any CPU
		{656EECC6-38EC-4481-A2E3-C5EE2221FB18}.Release|Any CPU.Build.0 = Release|Any CPU
		{656EECC6-38EC-4481-A2E3-C5EE2221FB18}.Release|x64.ActiveCfg = Release|Any CPU
		{656EECC6-38EC-4481-A2E3-C5EE2221FB18}.Release|x64.Build.0 = Release|Any CPU
		{656EECC6-38EC-4481-A2E3-C5EE2221FB18}.Release|x86.ActiveCfg = Release|Any CPU
		{656EECC6-38EC-4481-A2E3-C5EE2221FB18}.Release|x86.Build.0 = Release|Any CPU
		{81CE9F11-6A63-41FE-A869-6098F9AF6EE4}.Debug|Any CPU.ActiveCfg = Debug|Any CPU
		{81CE9F11-6A63-41FE-A869-6098F9AF6EE4}.Debug|Any CPU.Build.0 = Debug|Any CPU
		{81CE9F11-6A63-41FE-A869-6098F9AF6EE4}.Debug|x64.ActiveCfg = Debug|Any CPU
		{81CE9F11-6A63-41FE-A869-6098F9AF6EE4}.Debug|x64.Build.0 = Debug|Any CPU
		{81CE9F11-6A63-41FE-A869-6098F9AF6EE4}.Debug|x86.ActiveCfg = Debug|Any CPU
		{81CE9F11-6A63-41FE-A869-6098F9AF6EE4}.Debug|x86.Build.0 = Debug|Any CPU
		{81CE9F11-6A63-41FE-A869-6098F9AF6EE4}.Release|Any CPU.ActiveCfg = Release|Any CPU
		{81CE9F11-6A63-41FE-A869-6098F9AF6EE4}.Release|Any CPU.Build.0 = Release|Any CPU
		{81CE9F11-6A63-41FE-A869-6098F9AF6EE4}.Release|x64.ActiveCfg = Release|Any CPU
		{81CE9F11-6A63-41FE-A869-6098F9AF6EE4}.Release|x64.Build.0 = Release|Any CPU
		{81CE9F11-6A63-41FE-A869-6098F9AF6EE4}.Release|x86.ActiveCfg = Release|Any CPU
		{81CE9F11-6A63-41FE-A869-6098F9AF6EE4}.Release|x86.Build.0 = Release|Any CPU
	EndGlobalSection
	GlobalSection(SolutionProperties) = preSolution
		HideSolutionNode = FALSE
	EndGlobalSection
EndGlobal
